# This file was autogenerated by Stack.
# You should not edit this file by hand.
# For more information, please see the documentation at:
#   https://docs.haskellstack.org/en/stable/lock_files

packages:
- completed:
    hackage: hedgehog-1.0@sha256:440dafedac48a34eac3871f8622b215462cfc0708536cb0458b7a8cf38247c69,4463
    pantry-tree:
      size: 2409
      sha256: 985f5ddc16bc1fd4b0c33d4b4e6f54d205fc63aa97b5912b0fcb370dc2a672e3
  original:
    hackage: hedgehog-1.0@sha256:440dafedac48a34eac3871f8622b215462cfc0708536cb0458b7a8cf38247c69,4463
snapshots:
- completed:
    size: 499193
    url: https://raw.githubusercontent.com/commercialhaskell/stackage-snapshots/master/lts/12/1.yaml
    sha256: 2f67d2e2b2f7926260afa0adb908e24a7df2eed14804d6602fa17a5b5de97f61
  original: lts-12.1
